
Microsoft Visual Studio Solution File, Format Version 12.00
# Visual Studio 15
Project("{FAE04EC0-301F-11D3-BF4B-00C04F79EFBC}") = "Assembly-CSharp", "Assembly-CSharp.csproj", "{41FF40AC-E24D-9DFA-C081-69CB9986BDD0}"
EndProject
Project("{FAE04EC0-301F-11D3-BF4B-00C04F79EFBC}") = "Assembly-CSharp-Editor", "Assembly-CSharp-Editor.csproj", "{914607EA-C6AA-4F86-7A5D-E54C62E16FF4}"
EndProject
Global
	GlobalSection(SolutionConfigurationPlatforms) = preSolution
		Debug|Any CPU = Debug|Any CPU
		Release|Any CPU = Release|Any CPU
	EndGlobalSection
	GlobalSection(ProjectConfigurationPlatforms) = postSolution
		{41FF40AC-E24D-9DFA-C081-69CB9986BDD0}.Debug|Any CPU.ActiveCfg = Debug|Any CPU
		{41FF40AC-E24D-9DFA-C081-69CB9986BDD0}.Debug|Any CPU.Build.0 = Debug|Any CPU
		{41FF40AC-E24D-9DFA-C081-69CB9986BDD0}.Release|Any CPU.ActiveCfg = Release|Any CPU
		{41FF40AC-E24D-9DFA-C081-69CB9986BDD0}.Release|Any CPU.Build.0 = Release|Any CPU
		{914607EA-C6AA-4F86-7A5D-E54C62E16FF4}.Debug|Any CPU.ActiveCfg = Debug|Any CPU
		{914607EA-C6AA-4F86-7A5D-E54C62E16FF4}.Debug|Any CPU.Build.0 = Debug|Any CPU
		{914607EA-C6AA-4F86-7A5D-E54C62E16FF4}.Release|Any CPU.ActiveCfg = Release|Any CPU
		{914607EA-C6AA-4F86-7A5D-E54C62E16FF4}.Release|Any CPU.Build.0 = Release|Any CPU
	EndGlobalSection
	GlobalSection(SolutionProperties) = preSolution
		HideSolutionNode = FALSE
	EndGlobalSection
EndGlobal
