
Microsoft Visual Studio Solution File, Format Version 12.00
# Visual Studio 15
Project("{FAE04EC0-301F-11D3-BF4B-00C04F79EFBC}") = "Assembly-CSharp", "Assembly-CSharp.csproj", "{1F12022D-CDA4-4DCA-F6DF-515993FA09A2}"
EndProject
Project("{FAE04EC0-301F-11D3-BF4B-00C04F79EFBC}") = "Assembly-CSharp-Editor", "Assembly-CSharp-Editor.csproj", "{140CDB2B-D057-AA8D-7D68-4F13714B4AA8}"
EndProject
Global
	GlobalSection(SolutionConfigurationPlatforms) = preSolution
		Debug|Any CPU = Debug|Any CPU
		Release|Any CPU = Release|Any CPU
	EndGlobalSection
	GlobalSection(ProjectConfigurationPlatforms) = postSolution
		{1F12022D-CDA4-4DCA-F6DF-515993FA09A2}.Debug|Any CPU.ActiveCfg = Debug|Any CPU
		{1F12022D-CDA4-4DCA-F6DF-515993FA09A2}.Debug|Any CPU.Build.0 = Debug|Any CPU
		{1F12022D-CDA4-4DCA-F6DF-515993FA09A2}.Release|Any CPU.ActiveCfg = Release|Any CPU
		{1F12022D-CDA4-4DCA-F6DF-515993FA09A2}.Release|Any CPU.Build.0 = Release|Any CPU
		{140CDB2B-D057-AA8D-7D68-4F13714B4AA8}.Debug|Any CPU.ActiveCfg = Debug|Any CPU
		{140CDB2B-D057-AA8D-7D68-4F13714B4AA8}.Debug|Any CPU.Build.0 = Debug|Any CPU
		{140CDB2B-D057-AA8D-7D68-4F13714B4AA8}.Release|Any CPU.ActiveCfg = Release|Any CPU
		{140CDB2B-D057-AA8D-7D68-4F13714B4AA8}.Release|Any CPU.Build.0 = Release|Any CPU
	EndGlobalSection
	GlobalSection(SolutionProperties) = preSolution
		HideSolutionNode = FALSE
	EndGlobalSection
EndGlobal
